
Microsoft Visual Studio Solution File, Format Version 12.00
# Visual Studio Version 17
VisualStudioVersion = 17.2.32630.192
MinimumVisualStudioVersion = 10.0.40219.1
Project("{9A19103F-16F7-4668-BE54-9A1E7A4F7556}") = "fale-mais-back", "FaleMais\fale-mais-back.csproj", "{0FADAE99-050C-4A64-8D9B-C97543AFD9C7}"
EndProject
Project("{9A19103F-16F7-4668-BE54-9A1E7A4F7556}") = "FaleMaisTestes", "FaleMaisTestes\FaleMaisTestes.csproj", "{6AE2A3D7-C583-4A6A-9171-8E5E3366031D}"
EndProject
Global
	GlobalSection(SolutionConfigurationPlatforms) = preSolution
		Debug|Any CPU = Debug|Any CPU
		Release|Any CPU = Release|Any CPU
	EndGlobalSection
	GlobalSection(ProjectConfigurationPlatforms) = postSolution
		{0FADAE99-050C-4A64-8D9B-C97543AFD9C7}.Debug|Any CPU.ActiveCfg = Debug|Any CPU
		{0FADAE99-050C-4A64-8D9B-C97543AFD9C7}.Debug|Any CPU.Build.0 = Debug|Any CPU
		{0FADAE99-050C-4A64-8D9B-C97543AFD9C7}.Release|Any CPU.ActiveCfg = Release|Any CPU
		{0FADAE99-050C-4A64-8D9B-C97543AFD9C7}.Release|Any CPU.Build.0 = Release|Any CPU
		{6AE2A3D7-C583-4A6A-9171-8E5E3366031D}.Debug|Any CPU.ActiveCfg = Debug|Any CPU
		{6AE2A3D7-C583-4A6A-9171-8E5E3366031D}.Debug|Any CPU.Build.0 = Debug|Any CPU
		{6AE2A3D7-C583-4A6A-9171-8E5E3366031D}.Release|Any CPU.ActiveCfg = Release|Any CPU
		{6AE2A3D7-C583-4A6A-9171-8E5E3366031D}.Release|Any CPU.Build.0 = Release|Any CPU
	EndGlobalSection
	GlobalSection(SolutionProperties) = preSolution
		HideSolutionNode = FALSE
	EndGlobalSection
	GlobalSection(ExtensibilityGlobals) = postSolution
		SolutionGuid = {70D9FD67-218D-47C8-8382-A21948935F76}
	EndGlobalSection
EndGlobal
